
Microsoft Visual Studio Solution File, Format Version 12.00
# Visual Studio Version 17
VisualStudioVersion = 17.12.35527.113 d17.12
MinimumVisualStudioVersion = 10.0.40219.1
Project("{FAE04EC0-301F-11D3-BF4B-00C04F79EFBC}") = "BookStoreApi", "BookStoreApi\BookStoreApi.csproj", "{378D3CCD-93CB-448A-B944-2D28D819C700}"
EndProject
Global
	GlobalSection(SolutionConfigurationPlatforms) = preSolution
		Debug|Any CPU = Debug|Any CPU
		Release|Any CPU = Release|Any CPU
	EndGlobalSection
	GlobalSection(ProjectConfigurationPlatforms) = postSolution
		{378D3CCD-93CB-448A-B944-2D28D819C700}.Debug|Any CPU.ActiveCfg = Debug|Any CPU
		{378D3CCD-93CB-448A-B944-2D28D819C700}.Debug|Any CPU.Build.0 = Debug|Any CPU
		{378D3CCD-93CB-448A-B944-2D28D819C700}.Release|Any CPU.ActiveCfg = Release|Any CPU
		{378D3CCD-93CB-448A-B944-2D28D819C700}.Release|Any CPU.Build.0 = Release|Any CPU
	EndGlobalSection
	GlobalSection(SolutionProperties) = preSolution
		HideSolutionNode = FALSE
	EndGlobalSection
EndGlobal
